
Microsoft Visual Studio Solution File, Format Version 12.00
# Visual Studio Version 17
VisualStudioVersion = 17.2.32505.173
MinimumVisualStudioVersion = 10.0.40219.1
Project("{FAE04EC0-301F-11D3-BF4B-00C04F79EFBC}") = "voice_control", "voice_control\voice_control.csproj", "{3B764266-737F-41AF-B8C2-484B6254EA51}"
EndProject
Global
	GlobalSection(SolutionConfigurationPlatforms) = preSolution
		Debug|Any CPU = Debug|Any CPU
		Release|Any CPU = Release|Any CPU
	EndGlobalSection
	GlobalSection(ProjectConfigurationPlatforms) = postSolution
		{3B764266-737F-41AF-B8C2-484B6254EA51}.Debug|Any CPU.ActiveCfg = Debug|Any CPU
		{3B764266-737F-41AF-B8C2-484B6254EA51}.Debug|Any CPU.Build.0 = Debug|Any CPU
		{3B764266-737F-41AF-B8C2-484B6254EA51}.Release|Any CPU.ActiveCfg = Release|Any CPU
		{3B764266-737F-41AF-B8C2-484B6254EA51}.Release|Any CPU.Build.0 = Release|Any CPU
	EndGlobalSection
	GlobalSection(SolutionProperties) = preSolution
		HideSolutionNode = FALSE
	EndGlobalSection
	GlobalSection(ExtensibilityGlobals) = postSolution
		SolutionGuid = {B6DD4D97-395E-46C4-8F27-BB4479894763}
	EndGlobalSection
EndGlobal
